// !$*UTF8*$!
{
	archiveVersion = 1;
	classes = {
	};
	objectVersion = 46;
	objects = {

/* Begin PBXBuildFile section */
		1935E6861C86186100449C48 /* JFCardSelectionViewController.framework in Frameworks */ = {isa = PBXBuildFile; fileRef = 1935E67B1C86186100449C48 /* JFCardSelectionViewController.framework */; };
		1935E68B1C86186100449C48 /* JFCardSelectionViewControllerTests.swift in Sources */ = {isa = PBXBuildFile; fileRef = 1935E68A1C86186100449C48 /* JFCardSelectionViewControllerTests.swift */; };
		1935E6DE1C86194100449C48 /* JFCardSelectionViewController.swift in Sources */ = {isa = PBXBuildFile; fileRef = 1935E6DD1C86194100449C48 /* JFCardSelectionViewController.swift */; };
		1935E6E31C862E3000449C48 /* JFCardSelectionCell.swift in Sources */ = {isa = PBXBuildFile; fileRef = 1935E6E11C862E3000449C48 /* JFCardSelectionCell.swift */; };
		1935E6E41C862E3000449C48 /* JFCardSelectionCell.xib in Resources */ = {isa = PBXBuildFile; fileRef = 1935E6E21C862E3000449C48 /* JFCardSelectionCell.xib */; };
		1935E6E61C862F3300449C48 /* JFCardSelectionViewFlowLayout.swift in Sources */ = {isa = PBXBuildFile; fileRef = 1935E6E51C862F3300449C48 /* JFCardSelectionViewFlowLayout.swift */; };
		1935E6F51C8645C000449C48 /* NSDate.swift in Sources */ = {isa = PBXBuildFile; fileRef = 1935E6EB1C8645C000449C48 /* NSDate.swift */; };
		1935E6F61C8645C000449C48 /* NSURL.swift in Sources */ = {isa = PBXBuildFile; fileRef = 1935E6EC1C8645C000449C48 /* NSURL.swift */; };
		1935E6F81C8645C000449C48 /* String.swift in Sources */ = {isa = PBXBuildFile; fileRef = 1935E6EE1C8645C000449C48 /* String.swift */; };
		1935E6F91C8645C000449C48 /* UIColor.swift in Sources */ = {isa = PBXBuildFile; fileRef = 1935E6EF1C8645C000449C48 /* UIColor.swift */; };
		1935E6FA1C8645C000449C48 /* UIDevice.swift in Sources */ = {isa = PBXBuildFile; fileRef = 1935E6F01C8645C000449C48 /* UIDevice.swift */; };
		1935E6FB1C8645C000449C48 /* UIImage.swift in Sources */ = {isa = PBXBuildFile; fileRef = 1935E6F11C8645C000449C48 /* UIImage.swift */; };
		1935E6FC1C8645C000449C48 /* UIImageView.swift in Sources */ = {isa = PBXBuildFile; fileRef = 1935E6F21C8645C000449C48 /* UIImageView.swift */; };
		1935E6FD1C8645C000449C48 /* UIView.swift in Sources */ = {isa = PBXBuildFile; fileRef = 1935E6F31C8645C000449C48 /* UIView.swift */; };
		1935E6FF1C86526D00449C48 /* JFFocusedCardView.swift in Sources */ = {isa = PBXBuildFile; fileRef = 1935E6FE1C86526D00449C48 /* JFFocusedCardView.swift */; };
		1935E7011C86527D00449C48 /* JFFocusedCardView.xib in Resources */ = {isa = PBXBuildFile; fileRef = 1935E7001C86527D00449C48 /* JFFocusedCardView.xib */; };
		1AB955CB1C88899F00A8E776 /* Shadow.swift in Sources */ = {isa = PBXBuildFile; fileRef = 1AB955CA1C88899F00A8E776 /* Shadow.swift */; };
/* End PBXBuildFile section */

/* Begin PBXContainerItemProxy section */
		1935E6871C86186100449C48 /* PBXContainerItemProxy */ = {
			isa = PBXContainerItemProxy;
			containerPortal = 1935E6721C86186100449C48 /* Project object */;
			proxyType = 1;
			remoteGlobalIDString = 1935E67A1C86186100449C48;
			remoteInfo = JFCardSelectionViewController;
		};
/* End PBXContainerItemProxy section */

/* Begin PBXFileReference section */
		1935E67B1C86186100449C48 /* JFCardSelectionViewController.framework */ = {isa = PBXFileReference; explicitFileType = wrapper.framework; includeInIndex = 0; path = JFCardSelectionViewController.framework; sourceTree = BUILT_PRODUCTS_DIR; };
		1935E6801C86186100449C48 /* Info.plist */ = {isa = PBXFileReference; lastKnownFileType = text.plist.xml; path = Info.plist; sourceTree = "<group>"; };
		1935E6851C86186100449C48 /* JFCardSelectionViewControllerTests.xctest */ = {isa = PBXFileReference; explicitFileType = wrapper.cfbundle; includeInIndex = 0; path = JFCardSelectionViewControllerTests.xctest; sourceTree = BUILT_PRODUCTS_DIR; };
		1935E68A1C86186100449C48 /* JFCardSelectionViewControllerTests.swift */ = {isa = PBXFileReference; lastKnownFileType = sourcecode.swift; path = JFCardSelectionViewControllerTests.swift; sourceTree = "<group>"; };
		1935E68C1C86186100449C48 /* Info.plist */ = {isa = PBXFileReference; lastKnownFileType = text.plist.xml; path = Info.plist; sourceTree = "<group>"; };
		1935E6DD1C86194100449C48 /* JFCardSelectionViewController.swift */ = {isa = PBXFileReference; fileEncoding = 4; lastKnownFileType = sourcecode.swift; path = JFCardSelectionViewController.swift; sourceTree = "<group>"; };
		1935E6E11C862E3000449C48 /* JFCardSelectionCell.swift */ = {isa = PBXFileReference; fileEncoding = 4; lastKnownFileType = sourcecode.swift; path = JFCardSelectionCell.swift; sourceTree = "<group>"; };
		1935E6E21C862E3000449C48 /* JFCardSelectionCell.xib */ = {isa = PBXFileReference; fileEncoding = 4; lastKnownFileType = file.xib; path = JFCardSelectionCell.xib; sourceTree = "<group>"; };
		1935E6E51C862F3300449C48 /* JFCardSelectionViewFlowLayout.swift */ = {isa = PBXFileReference; fileEncoding = 4; lastKnownFileType = sourcecode.swift; path = JFCardSelectionViewFlowLayout.swift; sourceTree = "<group>"; };
		1935E6EB1C8645C000449C48 /* NSDate.swift */ = {isa = PBXFileReference; fileEncoding = 4; lastKnownFileType = sourcecode.swift; path = NSDate.swift; sourceTree = "<group>"; };
		1935E6EC1C8645C000449C48 /* NSURL.swift */ = {isa = PBXFileReference; fileEncoding = 4; lastKnownFileType = sourcecode.swift; path = NSURL.swift; sourceTree = "<group>"; };
		1935E6EE1C8645C000449C48 /* String.swift */ = {isa = PBXFileReference; fileEncoding = 4; lastKnownFileType = sourcecode.swift; path = String.swift; sourceTree = "<group>"; };
		1935E6EF1C8645C000449C48 /* UIColor.swift */ = {isa = PBXFileReference; fileEncoding = 4; lastKnownFileType = sourcecode.swift; path = UIColor.swift; sourceTree = "<group>"; };
		1935E6F01C8645C000449C48 /* UIDevice.swift */ = {isa = PBXFileReference; fileEncoding = 4; lastKnownFileType = sourcecode.swift; path = UIDevice.swift; sourceTree = "<group>"; };
		1935E6F11C8645C000449C48 /* UIImage.swift */ = {isa = PBXFileReference; fileEncoding = 4; lastKnownFileType = sourcecode.swift; path = UIImage.swift; sourceTree = "<group>"; };
		1935E6F21C8645C000449C48 /* UIImageView.swift */ = {isa = PBXFileReference; fileEncoding = 4; lastKnownFileType = sourcecode.swift; path = UIImageView.swift; sourceTree = "<group>"; };
		1935E6F31C8645C000449C48 /* UIView.swift */ = {isa = PBXFileReference; fileEncoding = 4; lastKnownFileType = sourcecode.swift; path = UIView.swift; sourceTree = "<group>"; };
		1935E6FE1C86526D00449C48 /* JFFocusedCardView.swift */ = {isa = PBXFileReference; fileEncoding = 4; lastKnownFileType = sourcecode.swift; path = JFFocusedCardView.swift; sourceTree = "<group>"; };
		1935E7001C86527D00449C48 /* JFFocusedCardView.xib */ = {isa = PBXFileReference; fileEncoding = 4; lastKnownFileType = file.xib; path = JFFocusedCardView.xib; sourceTree = "<group>"; };
		1AB955CA1C88899F00A8E776 /* Shadow.swift */ = {isa = PBXFileReference; fileEncoding = 4; lastKnownFileType = sourcecode.swift; path = Shadow.swift; sourceTree = "<group>"; };
/* End PBXFileReference section */

/* Begin PBXFrameworksBuildPhase section */
		1935E6771C86186100449C48 /* Frameworks */ = {
			isa = PBXFrameworksBuildPhase;
			buildActionMask = 2147483647;
			files = (
			);
			runOnlyForDeploymentPostprocessing = 0;
		};
		1935E6821C86186100449C48 /* Frameworks */ = {
			isa = PBXFrameworksBuildPhase;
			buildActionMask = 2147483647;
			files = (
				1935E6861C86186100449C48 /* JFCardSelectionViewController.framework in Frameworks */,
			);
			runOnlyForDeploymentPostprocessing = 0;
		};
/* End PBXFrameworksBuildPhase section */

/* Begin PBXGroup section */
		1935E6711C86186100449C48 = {
			isa = PBXGroup;
			children = (
				1935E6E91C8645C000449C48 /* Extensions */,
				1935E67D1C86186100449C48 /* JFCardSelectionViewController */,
				1935E6891C86186100449C48 /* JFCardSelectionViewControllerTests */,
				1935E67C1C86186100449C48 /* Products */,
			);
			sourceTree = "<group>";
		};
		1935E67C1C86186100449C48 /* Products */ = {
			isa = PBXGroup;
			children = (
				1935E67B1C86186100449C48 /* JFCardSelectionViewController.framework */,
				1935E6851C86186100449C48 /* JFCardSelectionViewControllerTests.xctest */,
			);
			name = Products;
			sourceTree = "<group>";
		};
		1935E67D1C86186100449C48 /* JFCardSelectionViewController */ = {
			isa = PBXGroup;
			children = (
				1935E6E81C8645B200449C48 /* Supporting Files */,
				1935E6DD1C86194100449C48 /* JFCardSelectionViewController.swift */,
				1935E6E11C862E3000449C48 /* JFCardSelectionCell.swift */,
				1935E6E21C862E3000449C48 /* JFCardSelectionCell.xib */,
				1935E6E51C862F3300449C48 /* JFCardSelectionViewFlowLayout.swift */,
				1935E6FE1C86526D00449C48 /* JFFocusedCardView.swift */,
				1935E7001C86527D00449C48 /* JFFocusedCardView.xib */,
				1AB955CA1C88899F00A8E776 /* Shadow.swift */,
			);
			path = JFCardSelectionViewController;
			sourceTree = "<group>";
		};
		1935E6891C86186100449C48 /* JFCardSelectionViewControllerTests */ = {
			isa = PBXGroup;
			children = (
				1935E68A1C86186100449C48 /* JFCardSelectionViewControllerTests.swift */,
				1935E68C1C86186100449C48 /* Info.plist */,
			);
			path = JFCardSelectionViewControllerTests;
			sourceTree = "<group>";
		};
		1935E6E81C8645B200449C48 /* Supporting Files */ = {
			isa = PBXGroup;
			children = (
				1935E6801C86186100449C48 /* Info.plist */,
			);
			name = "Supporting Files";
			sourceTree = "<group>";
		};
		1935E6E91C8645C000449C48 /* Extensions */ = {
			isa = PBXGroup;
			children = (
				1935E6EB1C8645C000449C48 /* NSDate.swift */,
				1935E6EC1C8645C000449C48 /* NSURL.swift */,
				1935E6EE1C8645C000449C48 /* String.swift */,
				1935E6EF1C8645C000449C48 /* UIColor.swift */,
				1935E6F01C8645C000449C48 /* UIDevice.swift */,
				1935E6F11C8645C000449C48 /* UIImage.swift */,
				1935E6F21C8645C000449C48 /* UIImageView.swift */,
				1935E6F31C8645C000449C48 /* UIView.swift */,
			);
			name = Extensions;
			path = Vendor/Extensions;
			sourceTree = "<group>";
		};
/* End PBXGroup section */

/* Begin PBXHeadersBuildPhase section */
		1935E6781C86186100449C48 /* Headers */ = {
			isa = PBXHeadersBuildPhase;
			buildActionMask = 2147483647;
			files = (
			);
			runOnlyForDeploymentPostprocessing = 0;
		};
/* End PBXHeadersBuildPhase section */

/* Begin PBXNativeTarget section */
		1935E67A1C86186100449C48 /* JFCardSelectionViewController */ = {
			isa = PBXNativeTarget;
			buildConfigurationList = 1935E68F1C86186100449C48 /* Build configuration list for PBXNativeTarget "JFCardSelectionViewController" */;
			buildPhases = (
				1935E6761C86186100449C48 /* Sources */,
				1935E6771C86186100449C48 /* Frameworks */,
				1935E6781C86186100449C48 /* Headers */,
				1935E6791C86186100449C48 /* Resources */,
			);
			buildRules = (
			);
			dependencies = (
			);
			name = JFCardSelectionViewController;
			productName = JFCardSelectionViewController;
			productReference = 1935E67B1C86186100449C48 /* JFCardSelectionViewController.framework */;
			productType = "com.apple.product-type.framework";
		};
		1935E6841C86186100449C48 /* JFCardSelectionViewControllerTests */ = {
			isa = PBXNativeTarget;
			buildConfigurationList = 1935E6921C86186100449C48 /* Build configuration list for PBXNativeTarget "JFCardSelectionViewControllerTests" */;
			buildPhases = (
				1935E6811C86186100449C48 /* Sources */,
				1935E6821C86186100449C48 /* Frameworks */,
				1935E6831C86186100449C48 /* Resources */,
			);
			buildRules = (
			);
			dependencies = (
				1935E6881C86186100449C48 /* PBXTargetDependency */,
			);
			name = JFCardSelectionViewControllerTests;
			productName = JFCardSelectionViewControllerTests;
			productReference = 1935E6851C86186100449C48 /* JFCardSelectionViewControllerTests.xctest */;
			productType = "com.apple.product-type.bundle.unit-test";
		};
/* End PBXNativeTarget section */

/* Begin PBXProject section */
		1935E6721C86186100449C48 /* Project object */ = {
			isa = PBXProject;
			attributes = {
				LastSwiftUpdateCheck = 0720;
				LastUpgradeCheck = 0720;
				ORGANIZATIONNAME = "Jeremy Fox";
				TargetAttributes = {
					1935E67A1C86186100449C48 = {
						CreatedOnToolsVersion = 7.2.1;
					};
					1935E6841C86186100449C48 = {
						CreatedOnToolsVersion = 7.2.1;
					};
				};
			};
			buildConfigurationList = 1935E6751C86186100449C48 /* Build configuration list for PBXProject "JFCardSelectionViewController" */;
			compatibilityVersion = "Xcode 3.2";
			developmentRegion = English;
			hasScannedForEncodings = 0;
			knownRegions = (
				en,
			);
			mainGroup = 1935E6711C86186100449C48;
			productRefGroup = 1935E67C1C86186100449C48 /* Products */;
			projectDirPath = "";
			projectRoot = "";
			targets = (
				1935E67A1C86186100449C48 /* JFCardSelectionViewController */,
				1935E6841C86186100449C48 /* JFCardSelectionViewControllerTests */,
			);
		};
/* End PBXProject section */

/* Begin PBXResourcesBuildPhase section */
		1935E6791C86186100449C48 /* Resources */ = {
			isa = PBXResourcesBuildPhase;
			buildActionMask = 2147483647;
			files = (
				1935E7011C86527D00449C48 /* JFFocusedCardView.xib in Resources */,
				1935E6E41C862E3000449C48 /* JFCardSelectionCell.xib in Resources */,
			);
			runOnlyForDeploymentPostprocessing = 0;
		};
		1935E6831C86186100449C48 /* Resources */ = {
			isa = PBXResourcesBuildPhase;
			buildActionMask = 2147483647;
			files = (
			);
			runOnlyForDeploymentPostprocessing = 0;
		};
/* End PBXResourcesBuildPhase section */

/* Begin PBXSourcesBuildPhase section */
		1935E6761C86186100449C48 /* Sources */ = {
			isa = PBXSourcesBuildPhase;
			buildActionMask = 2147483647;
			files = (
				1935E6FB1C8645C000449C48 /* UIImage.swift in Sources */,
				1935E6FA1C8645C000449C48 /* UIDevice.swift in Sources */,
				1935E6F61C8645C000449C48 /* NSURL.swift in Sources */,
				1935E6FD1C8645C000449C48 /* UIView.swift in Sources */,
				1935E6E31C862E3000449C48 /* JFCardSelectionCell.swift in Sources */,
				1935E6DE1C86194100449C48 /* JFCardSelectionViewController.swift in Sources */,
				1935E6FC1C8645C000449C48 /* UIImageView.swift in Sources */,
				1935E6F81C8645C000449C48 /* String.swift in Sources */,
				1AB955CB1C88899F00A8E776 /* Shadow.swift in Sources */,
				1935E6FF1C86526D00449C48 /* JFFocusedCardView.swift in Sources */,
				1935E6F91C8645C000449C48 /* UIColor.swift in Sources */,
				1935E6F51C8645C000449C48 /* NSDate.swift in Sources */,
				1935E6E61C862F3300449C48 /* JFCardSelectionViewFlowLayout.swift in Sources */,
			);
			runOnlyForDeploymentPostprocessing = 0;
		};
		1935E6811C86186100449C48 /* Sources */ = {
			isa = PBXSourcesBuildPhase;
			buildActionMask = 2147483647;
			files = (
				1935E68B1C86186100449C48 /* JFCardSelectionViewControllerTests.swift in Sources */,
			);
			runOnlyForDeploymentPostprocessing = 0;
		};
/* End PBXSourcesBuildPhase section */

/* Begin PBXTargetDependency section */
		1935E6881C86186100449C48 /* PBXTargetDependency */ = {
			isa = PBXTargetDependency;
			target = 1935E67A1C86186100449C48 /* JFCardSelectionViewController */;
			targetProxy = 1935E6871C86186100449C48 /* PBXContainerItemProxy */;
		};
/* End PBXTargetDependency section */

/* Begin XCBuildConfiguration section */
		1935E68D1C86186100449C48 /* Debug */ = {
			isa = XCBuildConfiguration;
			buildSettings = {
				ALWAYS_SEARCH_USER_PATHS = NO;
				CLANG_CXX_LANGUAGE_STANDARD = "gnu++0x";
				CLANG_CXX_LIBRARY = "libc++";
				CLANG_ENABLE_MODULES = YES;
				CLANG_ENABLE_OBJC_ARC = YES;
				CLANG_WARN_BOOL_CONVERSION = YES;
				CLANG_WARN_CONSTANT_CONVERSION = YES;
				CLANG_WARN_DIRECT_OBJC_ISA_USAGE = YES_ERROR;
				CLANG_WARN_EMPTY_BODY = YES;
				CLANG_WARN_ENUM_CONVERSION = YES;
				CLANG_WARN_INT_CONVERSION = YES;
				CLANG_WARN_OBJC_ROOT_CLASS = YES_ERROR;
				CLANG_WARN_UNREACHABLE_CODE = YES;
				CLANG_WARN__DUPLICATE_METHOD_MATCH = YES;
				"CODE_SIGN_IDENTITY[sdk=iphoneos*]" = "iPhone Developer";
				COPY_PHASE_STRIP = NO;
				CURRENT_PROJECT_VERSION = 1;
				DEBUG_INFORMATION_FORMAT = dwarf;
				ENABLE_STRICT_OBJC_MSGSEND = YES;
				ENABLE_TESTABILITY = YES;
				GCC_C_LANGUAGE_STANDARD = gnu99;
				GCC_DYNAMIC_NO_PIC = NO;
				GCC_NO_COMMON_BLOCKS = YES;
				GCC_OPTIMIZATION_LEVEL = 0;
				GCC_PREPROCESSOR_DEFINITIONS = (
					"DEBUG=1",
					"$(inherited)",
				);
				GCC_WARN_64_TO_32_BIT_CONVERSION = YES;
				GCC_WARN_ABOUT_RETURN_TYPE = YES_ERROR;
				GCC_WARN_UNDECLARED_SELECTOR = YES;
				GCC_WARN_UNINITIALIZED_AUTOS = YES_AGGRESSIVE;
				GCC_WARN_UNUSED_FUNCTION = YES;
				GCC_WARN_UNUSED_VARIABLE = YES;
				IPHONEOS_DEPLOYMENT_TARGET = 8.1;
				MTL_ENABLE_DEBUG_INFO = YES;
				ONLY_ACTIVE_ARCH = YES;
				SDKROOT = iphoneos;
				SWIFT_OPTIMIZATION_LEVEL = "-Onone";
				TARGETED_DEVICE_FAMILY = "1,2";
				VERSIONING_SYSTEM = "apple-generic";
				VERSION_INFO_PREFIX = "";
			};
			name = Debug;
		};
		1935E68E1C86186100449C48 /* Release */ = {
			isa = XCBuildConfiguration;
			buildSettings = {
				ALWAYS_SEARCH_USER_PATHS = NO;
				CLANG_CXX_LANGUAGE_STANDARD = "gnu++0x";
				CLANG_CXX_LIBRARY = "libc++";
				CLANG_ENABLE_MODULES = YES;
				CLANG_ENABLE_OBJC_ARC = YES;
				CLANG_WARN_BOOL_CONVERSION = YES;
				CLANG_WARN_CONSTANT_CONVERSION = YES;
				CLANG_WARN_DIRECT_OBJC_ISA_USAGE = YES_ERROR;
				CLANG_WARN_EMPTY_BODY = YES;
				CLANG_WARN_ENUM_CONVERSION = YES;
				CLANG_WARN_INT_CONVERSION = YES;
				CLANG_WARN_OBJC_ROOT_CLASS = YES_ERROR;
				CLANG_WARN_UNREACHABLE_CODE = YES;
				CLANG_WARN__DUPLICATE_METHOD_MATCH = YES;
				"CODE_SIGN_IDENTITY[sdk=iphoneos*]" = "iPhone Developer";
				COPY_PHASE_STRIP = NO;
				CURRENT_PROJECT_VERSION = 1;
				DEBUG_INFORMATION_FORMAT = "dwarf-with-dsym";
				ENABLE_NS_ASSERTIONS = NO;
				ENABLE_STRICT_OBJC_MSGSEND = YES;
				GCC_C_LANGUAGE_STANDARD = gnu99;
				GCC_NO_COMMON_BLOCKS = YES;
				GCC_WARN_64_TO_32_BIT_CONVERSION = YES;
				GCC_WARN_ABOUT_RETURN_TYPE = YES_ERROR;
				GCC_WARN_UNDECLARED_SELECTOR = YES;
				GCC_WARN_UNINITIALIZED_AUTOS = YES_AGGRESSIVE;
				GCC_WARN_UNUSED_FUNCTION = YES;
				GCC_WARN_UNUSED_VARIABLE = YES;
				IPHONEOS_DEPLOYMENT_TARGET = 8.1;
				MTL_ENABLE_DEBUG_INFO = NO;
				SDKROOT = iphoneos;
				TARGETED_DEVICE_FAMILY = "1,2";
				VALIDATE_PRODUCT = YES;
				VERSIONING_SYSTEM = "apple-generic";
				VERSION_INFO_PREFIX = "";
			};
			name = Release;
		};
		1935E6901C86186100449C48 /* Debug */ = {
			isa = XCBuildConfiguration;
			buildSettings = {
				CLANG_ENABLE_MODULES = YES;
				DEFINES_MODULE = YES;
				DYLIB_COMPATIBILITY_VERSION = 1;
				DYLIB_CURRENT_VERSION = 1;
				DYLIB_INSTALL_NAME_BASE = "@rpath";
				INFOPLIST_FILE = JFCardSelectionViewController/Info.plist;
				INSTALL_PATH = "$(LOCAL_LIBRARY_DIR)/Frameworks";
				IPHONEOS_DEPLOYMENT_TARGET = 8.1;
				LD_RUNPATH_SEARCH_PATHS = "$(inherited) @executable_path/Frameworks @loader_path/Frameworks";
				PRODUCT_BUNDLE_IDENTIFIER = com.jeremyfox.JFCardSelectionViewController;
				PRODUCT_NAME = "$(TARGET_NAME)";
				SKIP_INSTALL = YES;
				SWIFT_OPTIMIZATION_LEVEL = "-Onone";
			};
			name = Debug;
		};
		1935E6911C86186100449C48 /* Release */ = {
			isa = XCBuildConfiguration;
			buildSettings = {
				CLANG_ENABLE_MODULES = YES;
				DEFINES_MODULE = YES;
				DYLIB_COMPATIBILITY_VERSION = 1;
				DYLIB_CURRENT_VERSION = 1;
				DYLIB_INSTALL_NAME_BASE = "@rpath";
				INFOPLIST_FILE = JFCardSelectionViewController/Info.plist;
				INSTALL_PATH = "$(LOCAL_LIBRARY_DIR)/Frameworks";
				IPHONEOS_DEPLOYMENT_TARGET = 8.1;
				LD_RUNPATH_SEARCH_PATHS = "$(inherited) @executable_path/Frameworks @loader_path/Frameworks";
				PRODUCT_BUNDLE_IDENTIFIER = com.jeremyfox.JFCardSelectionViewController;
				PRODUCT_NAME = "$(TARGET_NAME)";
				SKIP_INSTALL = YES;
			};
			name = Release;
		};
		1935E6931C86186100449C48 /* Debug */ = {
			isa = XCBuildConfiguration;
			buildSettings = {
				INFOPLIST_FILE = JFCardSelectionViewControllerTests/Info.plist;
				LD_RUNPATH_SEARCH_PATHS = "$(inherited) @executable_path/Frameworks @loader_path/Frameworks";
				PRODUCT_BUNDLE_IDENTIFIER = com.jeremyfox.JFCardSelectionViewControllerTests;
				PRODUCT_NAME = "$(TARGET_NAME)";
			};
			name = Debug;
		};
		1935E6941C86186100449C48 /* Release */ = {
			isa = XCBuildConfiguration;
			buildSettings = {
				INFOPLIST_FILE = JFCardSelectionViewControllerTests/Info.plist;
				LD_RUNPATH_SEARCH_PATHS = "$(inherited) @executable_path/Frameworks @loader_path/Frameworks";
				PRODUCT_BUNDLE_IDENTIFIER = com.jeremyfox.JFCardSelectionViewControllerTests;
				PRODUCT_NAME = "$(TARGET_NAME)";
			};
			name = Release;
		};
/* End XCBuildConfiguration section */

/* Begin XCConfigurationList section */
		1935E6751C86186100449C48 /* Build configuration list for PBXProject "JFCardSelectionViewController" */ = {
			isa = XCConfigurationList;
			buildConfigurations = (
				1935E68D1C86186100449C48 /* Debug */,
				1935E68E1C86186100449C48 /* Release */,
			);
			defaultConfigurationIsVisible = 0;
			defaultConfigurationName = Release;
		};
		1935E68F1C86186100449C48 /* Build configuration list for PBXNativeTarget "JFCardSelectionViewController" */ = {
			isa = XCConfigurationList;
			buildConfigurations = (
				1935E6901C86186100449C48 /* Debug */,
				1935E6911C86186100449C48 /* Release */,
			);
			defaultConfigurationIsVisible = 0;
			defaultConfigurationName = Release;
		};
		1935E6921C86186100449C48 /* Build configuration list for PBXNativeTarget "JFCardSelectionViewControllerTests" */ = {
			isa = XCConfigurationList;
			buildConfigurations = (
				1935E6931C86186100449C48 /* Debug */,
				1935E6941C86186100449C48 /* Release */,
			);
			defaultConfigurationIsVisible = 0;
			defaultConfigurationName = Release;
		};
/* End XCConfigurationList section */
	};
	rootObject = 1935E6721C86186100449C48 /* Project object */;
}
